dependencies:
- name: postgresql
  repository: https://charts.bitnami.com/bitnami
  version: 12.12.10
- name: elasticsearch
  repository: https://charts.bitnami.com/bitnami
  version: 19.21.2
digest: sha256:107db540d179b2242819d57d1365a43e3c39b8284830b0838cb76fcc2b907a8b
generated: "2025-08-06T09:56:33.689964946+02:00"
