dependencies:
- name: postgresql
  repository: https://charts.bitnami.com/bitnami
  version: 12.1.9
- name: elasticsearch
  repository: https://charts.bitnami.com/bitnami
  version: 19.5.8
digest: sha256:91f0164238c6918b7dfa3c31edd6f410845dd8b774736a4350975c8531c6832c
generated: "2023-01-21T14:17:53.401778107+01:00"
